
Microsoft Visual Studio Solution File, Format Version 12.00
# Visual Studio Version 17
VisualStudioVersion = 17.14.36414.22 d17.14
MinimumVisualStudioVersion = 10.0.40219.1
Project("{FAE04EC0-301F-11D3-BF4B-00C04F79EFBC}") = "ZelisTrainingLibrary", "ZelisTrainingLibrary\ZelisTrainingLibrary.csproj", "{80E86BAC-BCB7-49CB-A88F-AAB3BD7AC52F}"
EndProject
Project("{FAE04EC0-301F-11D3-BF4B-00C04F79EFBC}") = "ZelisTrainingRazorWebApp", "ZelisTrainingRazorWebApp\ZelisTrainingRazorWebApp.csproj", "{6E3263F8-5B84-4DBB-82CD-0ECDA7EAAB78}"
EndProject
Global
	GlobalSection(SolutionConfigurationPlatforms) = preSolution
		Debug|Any CPU = Debug|Any CPU
		Release|Any CPU = Release|Any CPU
	EndGlobalSection
	GlobalSection(ProjectConfigurationPlatforms) = postSolution
		{80E86BAC-BCB7-49CB-A88F-AAB3BD7AC52F}.Debug|Any CPU.ActiveCfg = Debug|Any CPU
		{80E86BAC-BCB7-49CB-A88F-AAB3BD7AC52F}.Debug|Any CPU.Build.0 = Debug|Any CPU
		{80E86BAC-BCB7-49CB-A88F-AAB3BD7AC52F}.Release|Any CPU.ActiveCfg = Release|Any CPU
		{80E86BAC-BCB7-49CB-A88F-AAB3BD7AC52F}.Release|Any CPU.Build.0 = Release|Any CPU
		{6E3263F8-5B84-4DBB-82CD-0ECDA7EAAB78}.Debug|Any CPU.ActiveCfg = Debug|Any CPU
		{6E3263F8-5B84-4DBB-82CD-0ECDA7EAAB78}.Debug|Any CPU.Build.0 = Debug|Any CPU
		{6E3263F8-5B84-4DBB-82CD-0ECDA7EAAB78}.Release|Any CPU.ActiveCfg = Release|Any CPU
		{6E3263F8-5B84-4DBB-82CD-0ECDA7EAAB78}.Release|Any CPU.Build.0 = Release|Any CPU
	EndGlobalSection
	GlobalSection(SolutionProperties) = preSolution
		HideSolutionNode = FALSE
	EndGlobalSection
	GlobalSection(ExtensibilityGlobals) = postSolution
		SolutionGuid = {AB05318E-5419-4DB0-B6A2-2DE2CA02A683}
	EndGlobalSection
EndGlobal
